
Microsoft Visual Studio Solution File, Format Version 12.00
# Visual Studio Version 17
VisualStudioVersion = 17.10.35013.160
MinimumVisualStudioVersion = 10.0.40219.1
Project("{888888A0-9F3D-457C-B088-3A5042F75D52}") = "#469 Interval2", "#469 Interval2\#469 Interval2.pyproj", "{7AC1364D-070D-40F8-B51C-2B91D738D40C}"
EndProject
Global
	GlobalSection(SolutionConfigurationPlatforms) = preSolution
		Debug|Any CPU = Debug|Any CPU
		Release|Any CPU = Release|Any CPU
	EndGlobalSection
	GlobalSection(ProjectConfigurationPlatforms) = postSolution
		{7AC1364D-070D-40F8-B51C-2B91D738D40C}.Debug|Any CPU.ActiveCfg = Debug|Any CPU
		{7AC1364D-070D-40F8-B51C-2B91D738D40C}.Release|Any CPU.ActiveCfg = Release|Any CPU
	EndGlobalSection
	GlobalSection(SolutionProperties) = preSolution
		HideSolutionNode = FALSE
	EndGlobalSection
	GlobalSection(ExtensibilityGlobals) = postSolution
		SolutionGuid = {3D92928D-A0CF-425B-BF83-826E296647ED}
	EndGlobalSection
EndGlobal
