
Microsoft Visual Studio Solution File, Format Version 12.00
# Visual Studio Version 17
VisualStudioVersion = 17.10.35013.160
MinimumVisualStudioVersion = 10.0.40219.1
Project("{888888A0-9F3D-457C-B088-3A5042F75D52}") = "#4339 pare_impare", "#4339 pare_impare\#4339 pare_impare.pyproj", "{2E2F96B4-F653-41B6-BDD3-8119D521BF4D}"
EndProject
Global
	GlobalSection(SolutionConfigurationPlatforms) = preSolution
		Debug|Any CPU = Debug|Any CPU
		Release|Any CPU = Release|Any CPU
	EndGlobalSection
	GlobalSection(ProjectConfigurationPlatforms) = postSolution
		{2E2F96B4-F653-41B6-BDD3-8119D521BF4D}.Debug|Any CPU.ActiveCfg = Debug|Any CPU
		{2E2F96B4-F653-41B6-BDD3-8119D521BF4D}.Release|Any CPU.ActiveCfg = Release|Any CPU
	EndGlobalSection
	GlobalSection(SolutionProperties) = preSolution
		HideSolutionNode = FALSE
	EndGlobalSection
	GlobalSection(ExtensibilityGlobals) = postSolution
		SolutionGuid = {1C48E91B-384B-4CAD-8CB9-0CF813A75977}
	EndGlobalSection
EndGlobal
