
Microsoft Visual Studio Solution File, Format Version 12.00
# Visual Studio Version 17
VisualStudioVersion = 17.10.35013.160
MinimumVisualStudioVersion = 10.0.40219.1
Project("{888888A0-9F3D-457C-B088-3A5042F75D52}") = "#2240", "#2240\#2240.pyproj", "{2424036B-5579-4DF7-A25C-0B2D0C2106EE}"
EndProject
Global
	GlobalSection(SolutionConfigurationPlatforms) = preSolution
		Debug|Any CPU = Debug|Any CPU
		Release|Any CPU = Release|Any CPU
	EndGlobalSection
	GlobalSection(ProjectConfigurationPlatforms) = postSolution
		{2424036B-5579-4DF7-A25C-0B2D0C2106EE}.Debug|Any CPU.ActiveCfg = Debug|Any CPU
		{2424036B-5579-4DF7-A25C-0B2D0C2106EE}.Release|Any CPU.ActiveCfg = Release|Any CPU
	EndGlobalSection
	GlobalSection(SolutionProperties) = preSolution
		HideSolutionNode = FALSE
	EndGlobalSection
	GlobalSection(ExtensibilityGlobals) = postSolution
		SolutionGuid = {DCD05589-6674-4333-97E6-66CA882C0409}
	EndGlobalSection
EndGlobal
