
Microsoft Visual Studio Solution File, Format Version 12.00
# Visual Studio Version 17
VisualStudioVersion = 17.10.35013.160
MinimumVisualStudioVersion = 10.0.40219.1
Project("{888888A0-9F3D-457C-B088-3A5042F75D52}") = "#102 cifre", "#102 cifre\#102 cifre.pyproj", "{A6EAC3D0-783D-4174-B55D-64C6B7168A27}"
EndProject
Global
	GlobalSection(SolutionConfigurationPlatforms) = preSolution
		Debug|Any CPU = Debug|Any CPU
		Release|Any CPU = Release|Any CPU
	EndGlobalSection
	GlobalSection(ProjectConfigurationPlatforms) = postSolution
		{A6EAC3D0-783D-4174-B55D-64C6B7168A27}.Debug|Any CPU.ActiveCfg = Debug|Any CPU
		{A6EAC3D0-783D-4174-B55D-64C6B7168A27}.Release|Any CPU.ActiveCfg = Release|Any CPU
	EndGlobalSection
	GlobalSection(SolutionProperties) = preSolution
		HideSolutionNode = FALSE
	EndGlobalSection
	GlobalSection(ExtensibilityGlobals) = postSolution
		SolutionGuid = {2FED14F5-7768-4A43-A961-835D88A2B38D}
	EndGlobalSection
EndGlobal
